
Microsoft Visual Studio Solution File, Format Version 12.00
# Visual Studio 15
VisualStudioVersion = 15.0.27428.1
MinimumVisualStudioVersion = 10.0.40219.1
Project("{FAE04EC0-301F-11D3-BF4B-00C04F79EFBC}") = "FizzClient", "FizzClient.csproj", "{29FAF621-46F6-49ED-8F27-6BC8B1488012}"
EndProject
Project("{FAE04EC0-301F-11D3-BF4B-00C04F79EFBC}") = "FizzLib", "FizzLib\FizzLib.csproj", "{45BA757E-45FC-4346-A156-BABCBC55898B}"
EndProject
Project("{FAE04EC0-301F-11D3-BF4B-00C04F79EFBC}") = "UnitTestProject", "UnitTestProject\UnitTestProject.csproj", "{8ADFC216-0A0B-4627-BA29-947F425C4A60}"
EndProject
Global
	GlobalSection(SolutionConfigurationPlatforms) = preSolution
		Debug|Any CPU = Debug|Any CPU
		Release|Any CPU = Release|Any CPU
	EndGlobalSection
	GlobalSection(ProjectConfigurationPlatforms) = postSolution
		{29FAF621-46F6-49ED-8F27-6BC8B1488012}.Debug|Any CPU.ActiveCfg = Debug|Any CPU
		{29FAF621-46F6-49ED-8F27-6BC8B1488012}.Debug|Any CPU.Build.0 = Debug|Any CPU
		{29FAF621-46F6-49ED-8F27-6BC8B1488012}.Release|Any CPU.ActiveCfg = Release|Any CPU
		{29FAF621-46F6-49ED-8F27-6BC8B1488012}.Release|Any CPU.Build.0 = Release|Any CPU
		{45BA757E-45FC-4346-A156-BABCBC55898B}.Debug|Any CPU.ActiveCfg = Debug|Any CPU
		{45BA757E-45FC-4346-A156-BABCBC55898B}.Debug|Any CPU.Build.0 = Debug|Any CPU
		{45BA757E-45FC-4346-A156-BABCBC55898B}.Release|Any CPU.ActiveCfg = Release|Any CPU
		{45BA757E-45FC-4346-A156-BABCBC55898B}.Release|Any CPU.Build.0 = Release|Any CPU
		{8ADFC216-0A0B-4627-BA29-947F425C4A60}.Debug|Any CPU.ActiveCfg = Debug|Any CPU
		{8ADFC216-0A0B-4627-BA29-947F425C4A60}.Debug|Any CPU.Build.0 = Debug|Any CPU
		{8ADFC216-0A0B-4627-BA29-947F425C4A60}.Release|Any CPU.ActiveCfg = Release|Any CPU
		{8ADFC216-0A0B-4627-BA29-947F425C4A60}.Release|Any CPU.Build.0 = Release|Any CPU
	EndGlobalSection
	GlobalSection(SolutionProperties) = preSolution
		HideSolutionNode = FALSE
	EndGlobalSection
	GlobalSection(ExtensibilityGlobals) = postSolution
		SolutionGuid = {3D270AE2-AF63-45C3-A631-D3966C0963BD}
	EndGlobalSection
EndGlobal
