
Microsoft Visual Studio Solution File, Format Version 12.00
# Visual Studio 15
VisualStudioVersion = 15.0.28010.2003
MinimumVisualStudioVersion = 10.0.40219.1
Project("{FAE04EC0-301F-11D3-BF4B-00C04F79EFBC}") = "FizzLib", "FizzLib\FizzLib.csproj", "{8B07A2DF-5B84-44EC-8610-C1033945C2EC}"
EndProject
Global
	GlobalSection(SolutionConfigurationPlatforms) = preSolution
		Debug|Any CPU = Debug|Any CPU
		Release|Any CPU = Release|Any CPU
	EndGlobalSection
	GlobalSection(ProjectConfigurationPlatforms) = postSolution
		{8B07A2DF-5B84-44EC-8610-C1033945C2EC}.Debug|Any CPU.ActiveCfg = Debug|Any CPU
		{8B07A2DF-5B84-44EC-8610-C1033945C2EC}.Debug|Any CPU.Build.0 = Debug|Any CPU
		{8B07A2DF-5B84-44EC-8610-C1033945C2EC}.Release|Any CPU.ActiveCfg = Release|Any CPU
		{8B07A2DF-5B84-44EC-8610-C1033945C2EC}.Release|Any CPU.Build.0 = Release|Any CPU
	EndGlobalSection
	GlobalSection(SolutionProperties) = preSolution
		HideSolutionNode = FALSE
	EndGlobalSection
	GlobalSection(ExtensibilityGlobals) = postSolution
		SolutionGuid = {8E8B663A-DAA1-4969-A7B2-BF2C5C0043C7}
	EndGlobalSection
EndGlobal
