
Microsoft Visual Studio Solution File, Format Version 12.00
# Visual Studio 15
VisualStudioVersion = 15.0.28307.271
MinimumVisualStudioVersion = 10.0.40219.1
Project("{2150E333-8FDC-42A3-9474-1A3956D46DE8}") = "FizzClient", "FizzClient", "{8B8726F9-979D-4423-850A-80085D7129CA}"
EndProject
Project("{FAE04EC0-301F-11D3-BF4B-00C04F79EFBC}") = "FizzClient", "FizzClient\FizzClient.csproj", "{82D72B13-37A2-4D98-9130-5293F0AFF950}"
EndProject
Project("{2150E333-8FDC-42A3-9474-1A3956D46DE8}") = "FizzLib", "FizzLib", "{68E8721C-576F-41CF-B1A1-79004AD1185D}"
EndProject
Project("{FAE04EC0-301F-11D3-BF4B-00C04F79EFBC}") = "FizzzLib", "FizzzLib\FizzzLib.csproj", "{31254001-1257-4CCF-9D8B-7072ACA92CA7}"
EndProject
Global
	GlobalSection(SolutionConfigurationPlatforms) = preSolution
		Debug|Any CPU = Debug|Any CPU
		Release|Any CPU = Release|Any CPU
	EndGlobalSection
	GlobalSection(ProjectConfigurationPlatforms) = postSolution
		{82D72B13-37A2-4D98-9130-5293F0AFF950}.Debug|Any CPU.ActiveCfg = Debug|Any CPU
		{82D72B13-37A2-4D98-9130-5293F0AFF950}.Debug|Any CPU.Build.0 = Debug|Any CPU
		{82D72B13-37A2-4D98-9130-5293F0AFF950}.Release|Any CPU.ActiveCfg = Release|Any CPU
		{82D72B13-37A2-4D98-9130-5293F0AFF950}.Release|Any CPU.Build.0 = Release|Any CPU
		{31254001-1257-4CCF-9D8B-7072ACA92CA7}.Debug|Any CPU.ActiveCfg = Debug|Any CPU
		{31254001-1257-4CCF-9D8B-7072ACA92CA7}.Debug|Any CPU.Build.0 = Debug|Any CPU
		{31254001-1257-4CCF-9D8B-7072ACA92CA7}.Release|Any CPU.ActiveCfg = Release|Any CPU
		{31254001-1257-4CCF-9D8B-7072ACA92CA7}.Release|Any CPU.Build.0 = Release|Any CPU
	EndGlobalSection
	GlobalSection(SolutionProperties) = preSolution
		HideSolutionNode = FALSE
	EndGlobalSection
	GlobalSection(NestedProjects) = preSolution
		{82D72B13-37A2-4D98-9130-5293F0AFF950} = {8B8726F9-979D-4423-850A-80085D7129CA}
		{31254001-1257-4CCF-9D8B-7072ACA92CA7} = {68E8721C-576F-41CF-B1A1-79004AD1185D}
	EndGlobalSection
	GlobalSection(ExtensibilityGlobals) = postSolution
		SolutionGuid = {CF4E58CC-8D66-4495-92B8-2095E827190C}
	EndGlobalSection
EndGlobal
