
Microsoft Visual Studio Solution File, Format Version 12.00
# Visual Studio 15
VisualStudioVersion = 15.0.28010.2048
MinimumVisualStudioVersion = 10.0.40219.1
Project("{FAE04EC0-301F-11D3-BF4B-00C04F79EFBC}") = "FizzClient", "FizzClient\FizzClient.csproj", "{71AECDC1-3BC8-4211-9FCE-AD293B0CA1E2}"
EndProject
Project("{FAE04EC0-301F-11D3-BF4B-00C04F79EFBC}") = "FizzLib", "FizzLib\FizzLib.csproj", "{BD945C49-F195-41C8-9102-6B8828A8E6E4}"
EndProject
Project("{FAE04EC0-301F-11D3-BF4B-00C04F79EFBC}") = "FizzLib.Tests", "FizzLib.Tests\FizzLib.Tests.csproj", "{C6626222-A759-4F39-BE17-6D29CA279EFB}"
EndProject
Global
	GlobalSection(SolutionConfigurationPlatforms) = preSolution
		Debug|Any CPU = Debug|Any CPU
		Release|Any CPU = Release|Any CPU
	EndGlobalSection
	GlobalSection(ProjectConfigurationPlatforms) = postSolution
		{71AECDC1-3BC8-4211-9FCE-AD293B0CA1E2}.Debug|Any CPU.ActiveCfg = Debug|Any CPU
		{71AECDC1-3BC8-4211-9FCE-AD293B0CA1E2}.Debug|Any CPU.Build.0 = Debug|Any CPU
		{71AECDC1-3BC8-4211-9FCE-AD293B0CA1E2}.Release|Any CPU.ActiveCfg = Release|Any CPU
		{71AECDC1-3BC8-4211-9FCE-AD293B0CA1E2}.Release|Any CPU.Build.0 = Release|Any CPU
		{BD945C49-F195-41C8-9102-6B8828A8E6E4}.Debug|Any CPU.ActiveCfg = Debug|Any CPU
		{BD945C49-F195-41C8-9102-6B8828A8E6E4}.Debug|Any CPU.Build.0 = Debug|Any CPU
		{BD945C49-F195-41C8-9102-6B8828A8E6E4}.Release|Any CPU.ActiveCfg = Release|Any CPU
		{BD945C49-F195-41C8-9102-6B8828A8E6E4}.Release|Any CPU.Build.0 = Release|Any CPU
		{C6626222-A759-4F39-BE17-6D29CA279EFB}.Debug|Any CPU.ActiveCfg = Debug|Any CPU
		{C6626222-A759-4F39-BE17-6D29CA279EFB}.Debug|Any CPU.Build.0 = Debug|Any CPU
		{C6626222-A759-4F39-BE17-6D29CA279EFB}.Release|Any CPU.ActiveCfg = Release|Any CPU
		{C6626222-A759-4F39-BE17-6D29CA279EFB}.Release|Any CPU.Build.0 = Release|Any CPU
	EndGlobalSection
	GlobalSection(SolutionProperties) = preSolution
		HideSolutionNode = FALSE
	EndGlobalSection
	GlobalSection(ExtensibilityGlobals) = postSolution
		SolutionGuid = {9A7704E6-ED09-489C-A99E-37A6CDA899E3}
	EndGlobalSection
EndGlobal
