
Microsoft Visual Studio Solution File, Format Version 12.00
# Visual Studio 15
VisualStudioVersion = 15.0.27703.2035
MinimumVisualStudioVersion = 10.0.40219.1
Project("{FAE04EC0-301F-11D3-BF4B-00C04F79EFBC}") = "FizzClient", "FizzClient\FizzClient.csproj", "{EAE8C6CD-44D3-439D-9EDA-9DA6110D3636}"
EndProject
Global
	GlobalSection(SolutionConfigurationPlatforms) = preSolution
		Debug|Any CPU = Debug|Any CPU
		Release|Any CPU = Release|Any CPU
	EndGlobalSection
	GlobalSection(ProjectConfigurationPlatforms) = postSolution
		{EAE8C6CD-44D3-439D-9EDA-9DA6110D3636}.Debug|Any CPU.ActiveCfg = Debug|Any CPU
		{EAE8C6CD-44D3-439D-9EDA-9DA6110D3636}.Debug|Any CPU.Build.0 = Debug|Any CPU
		{EAE8C6CD-44D3-439D-9EDA-9DA6110D3636}.Release|Any CPU.ActiveCfg = Release|Any CPU
		{EAE8C6CD-44D3-439D-9EDA-9DA6110D3636}.Release|Any CPU.Build.0 = Release|Any CPU
	EndGlobalSection
	GlobalSection(SolutionProperties) = preSolution
		HideSolutionNode = FALSE
	EndGlobalSection
	GlobalSection(ExtensibilityGlobals) = postSolution
		SolutionGuid = {44A32160-5A6B-45E9-8AA6-CA5D6FBEC89D}
	EndGlobalSection
EndGlobal
