
Microsoft Visual Studio Solution File, Format Version 12.00
# Visual Studio 14
VisualStudioVersion = 14.0.25420.1
MinimumVisualStudioVersion = 10.0.40219.1
Project("{2150E333-8FDC-42A3-9474-1A3956D46DE8}") = "FizzClient", "FizzClient", "{2F2D7AB2-F058-4C7B-9F45-E25BEA690978}"
EndProject
Project("{2150E333-8FDC-42A3-9474-1A3956D46DE8}") = "FizzLib", "FizzLib", "{EC88B285-EC5B-4A22-A54F-407321CB8CDF}"
EndProject
Project("{FAE04EC0-301F-11D3-BF4B-00C04F79EFBC}") = "FizzBuzzLib", "FizzBuzzLib\FizzBuzzLib.csproj", "{A7B8E6F0-7D11-486D-80F9-2275077D58E9}"
EndProject
Project("{FAE04EC0-301F-11D3-BF4B-00C04F79EFBC}") = "FizzBuzzClient", "FizzBuzzClient\FizzBuzzClient.csproj", "{3F49B7DF-8522-49B6-9D98-B01ACCCB527E}"
EndProject
Global
	GlobalSection(SolutionConfigurationPlatforms) = preSolution
		Debug|Any CPU = Debug|Any CPU
		Release|Any CPU = Release|Any CPU
	EndGlobalSection
	GlobalSection(ProjectConfigurationPlatforms) = postSolution
		{A7B8E6F0-7D11-486D-80F9-2275077D58E9}.Debug|Any CPU.ActiveCfg = Debug|Any CPU
		{A7B8E6F0-7D11-486D-80F9-2275077D58E9}.Debug|Any CPU.Build.0 = Debug|Any CPU
		{A7B8E6F0-7D11-486D-80F9-2275077D58E9}.Release|Any CPU.ActiveCfg = Release|Any CPU
		{A7B8E6F0-7D11-486D-80F9-2275077D58E9}.Release|Any CPU.Build.0 = Release|Any CPU
		{3F49B7DF-8522-49B6-9D98-B01ACCCB527E}.Debug|Any CPU.ActiveCfg = Debug|Any CPU
		{3F49B7DF-8522-49B6-9D98-B01ACCCB527E}.Debug|Any CPU.Build.0 = Debug|Any CPU
		{3F49B7DF-8522-49B6-9D98-B01ACCCB527E}.Release|Any CPU.ActiveCfg = Release|Any CPU
		{3F49B7DF-8522-49B6-9D98-B01ACCCB527E}.Release|Any CPU.Build.0 = Release|Any CPU
	EndGlobalSection
	GlobalSection(SolutionProperties) = preSolution
		HideSolutionNode = FALSE
	EndGlobalSection
	GlobalSection(NestedProjects) = preSolution
		{A7B8E6F0-7D11-486D-80F9-2275077D58E9} = {EC88B285-EC5B-4A22-A54F-407321CB8CDF}
		{3F49B7DF-8522-49B6-9D98-B01ACCCB527E} = {2F2D7AB2-F058-4C7B-9F45-E25BEA690978}
	EndGlobalSection
EndGlobal
